Microsoft Visual Studio Solution File, Format Version 12.00
# Visual Studio Version 17
VisualStudioVersion = 17.5.2.0
MinimumVisualStudioVersion = 10.0.40219.1
Project("{FAE04EC0-301F-11D3-BF4B-00C04F79EFBC}") = "server", "server.csproj", "{A7CBC8A7-46DE-3629-11D1-D50EEE20A3AA}"
EndProject
Project("{FAE04EC0-301F-11D3-BF4B-00C04F79EFBC}") = "server.Tests", "..\\server.Tests\\server.Tests.csproj", "{0E3B0C21-6D14-4E77-9E7E-9E8E8B9E5D01}"
EndProject
Global
	GlobalSection(SolutionConfigurationPlatforms) = preSolution
		Debug|Any CPU = Debug|Any CPU
		Release|Any CPU = Release|Any CPU
	EndGlobalSection
	GlobalSection(ProjectConfigurationPlatforms) = postSolution
		{A7CBC8A7-46DE-3629-11D1-D50EEE20A3AA}.Debug|Any CPU.ActiveCfg = Debug|Any CPU
		{A7CBC8A7-46DE-3629-11D1-D50EEE20A3AA}.Debug|Any CPU.Build.0 = Debug|Any CPU
		{A7CBC8A7-46DE-3629-11D1-D50EEE20A3AA}.Release|Any CPU.ActiveCfg = Release|Any CPU
		{A7CBC8A7-46DE-3629-11D1-D50EEE20A3AA}.Release|Any CPU.Build.0 = Release|Any CPU
		{0E3B0C21-6D14-4E77-9E7E-9E8E8B9E5D01}.Debug|Any CPU.ActiveCfg = Debug|Any CPU
		{0E3B0C21-6D14-4E77-9E7E-9E8E8B9E5D01}.Debug|Any CPU.Build.0 = Debug|Any CPU
		{0E3B0C21-6D14-4E77-9E7E-9E8E8B9E5D01}.Release|Any CPU.ActiveCfg = Release|Any CPU
		{0E3B0C21-6D14-4E77-9E7E-9E8E8B9E5D01}.Release|Any CPU.Build.0 = Release|Any CPU
	EndGlobalSection
	GlobalSection(SolutionProperties) = preSolution
		HideSolutionNode = FALSE
	EndGlobalSection
	GlobalSection(ExtensibilityGlobals) = postSolution
		SolutionGuid = {A4D85F92-3DBC-4CB5-BD71-8EA73FD4D654}
	EndGlobalSection
EndGlobal
